<?xml version="1.0" encoding="utf-8"?>
<Project ToolsVersion="4.0" xmlns="http://schemas.microsoft.com/developer/msbuild/2003">
  <ItemGroup>
    <Filter Include="win32">
      <UniqueIdentifier>{84a8ebd7-7cf0-47f6-b75e-d441df67da40}</UniqueIdentifier>
    </Filter>
    <Filter Include="resource">
      <UniqueIdentifier>{715254bc-d70b-4ec5-bf29-467dd3ace079}</UniqueIdentifier>
    </Filter>
    <Filter Include="src">
      <UniqueIdentifier>{bb6c862e-70e9-49d9-81b7-3829a6f50471}</UniqueIdentifier>
    </Filter>
    <Filter Include="src\Player">
      <UniqueIdentifier>{45dd2cbc-439d-4fd1-baf5-f1f6c8a2abc0}</UniqueIdentifier>
    </Filter>
    <Filter Include="src\Game Components">
      <UniqueIdentifier>{34e9a175-57fe-4b95-88f5-20d1d62f7def}</UniqueIdentifier>
    </Filter>
  </ItemGroup>
  <ItemGroup>
    <ClCompile Include="main.cpp">
      <Filter>win32</Filter>
    </ClCompile>
    <ClCompile Include="..\Classes\HelloWorldScene.cpp">
      <Filter>src</Filter>
    </ClCompile>
    <ClCompile Include="..\Classes\ParallaxNodeExtras.cpp">
      <Filter>resource</Filter>
    </ClCompile>
    <ClCompile Include="PlayerState.cpp">
      <Filter>src\Player</Filter>
    </ClCompile>
    <ClCompile Include="PlayerDtate.cpp">
      <Filter>src\Player</Filter>
    </ClCompile>
    <ClCompile Include="Player.cpp">
      <Filter>src\Player</Filter>
    </ClCompile>
    <ClCompile Include="PlayerIDLE.cpp" />
    <ClCompile Include="PlayerRun.cpp" />
    <ClCompile Include="PLayerJump.cpp" />
    <ClCompile Include="PlaterRasengan1.cpp" />
    <ClCompile Include="PlayerThrowStand.cpp" />
    <ClCompile Include="PlayerThrowJump.cpp" />
    <ClCompile Include="PlayerFight.cpp" />
    <ClCompile Include="PlayerHurt.cpp" />
    <ClCompile Include="PlayerHurtFly.cpp" />
    <ClCompile Include="..\Classes\AppDelegate.cpp">
      <Filter>src</Filter>
    </ClCompile>
    <ClCompile Include="GameComponents\GameLog.cpp">
      <Filter>src\Game Components</Filter>
    </ClCompile>
    <ClCompile Include="PlayerFightUp.cpp" />
    <ClCompile Include="PlayerFightDown.cpp" />
    <ClCompile Include="PlayerParticle.cpp">
      <Filter>src\Game Components</Filter>
    </ClCompile>
    <ClCompile Include="PlayerSwipe.cpp" />
    <ClCompile Include="PlayerCombo.cpp" />
  </ItemGroup>
  <ItemGroup>
    <ClInclude Include="main.h">
      <Filter>win32</Filter>
    </ClInclude>
    <ClInclude Include="..\Classes\AppDelegate.h">
      <Filter>src</Filter>
    </ClInclude>
    <ClInclude Include="..\Classes\HelloWorldScene.h">
      <Filter>src</Filter>
    </ClInclude>
    <ClInclude Include="..\Classes\ParallaxNodeExtras.h">
      <Filter>resource</Filter>
    </ClInclude>
    <ClInclude Include="PlayerState.h">
      <Filter>src\Player</Filter>
    </ClInclude>
    <ClInclude Include="PlayerDtate.h">
      <Filter>src\Player</Filter>
    </ClInclude>
    <ClInclude Include="Player.h">
      <Filter>src\Player</Filter>
    </ClInclude>
    <ClInclude Include="PlayerIDLE.h" />
    <ClInclude Include="PlayerRun.h" />
    <ClInclude Include="PLayerJump.h" />
    <ClInclude Include="PlaterRasengan1.h" />
    <ClInclude Include="PlayerThrowStand.h" />
    <ClInclude Include="PlayerThrowJump.h" />
    <ClInclude Include="PlayerFight.h" />
    <ClInclude Include="PlayerHurt.h" />
    <ClInclude Include="PlayerHurtFly.h" />
    <ClInclude Include="GameComponents\GameLog.h">
      <Filter>src\Game Components</Filter>
    </ClInclude>
    <ClInclude Include="PlayerFightUp.h" />
    <ClInclude Include="PlayerFightDown.h" />
    <ClInclude Include="PlayerParticle.h">
      <Filter>src\Game Components</Filter>
    </ClInclude>
    <ClInclude Include="PlayerSwipe.h" />
    <ClInclude Include="PlayerCombo.h" />
  </ItemGroup>
  <ItemGroup>
    <ResourceCompile Include="game.rc">
      <Filter>resource</Filter>
    </ResourceCompile>
  </ItemGroup>
</Project>